
Microsoft Visual Studio Solution File, Format Version 12.00
# Visual Studio Version 16
VisualStudioVersion = 16.0.30413.136
MinimumVisualStudioVersion = 10.0.40219.1
Project("{FAE04EC0-301F-11D3-BF4B-00C04F79EFBC}") = "Lesson11", "Lesson11\Lesson11.csproj", "{5B43B2AF-87DF-4843-BC01-6C0CA9F59F85}"
EndProject
Global
	GlobalSection(SolutionConfigurationPlatforms) = preSolution
		Debug|Any CPU = Debug|Any CPU
		Release|Any CPU = Release|Any CPU
	EndGlobalSection
	GlobalSection(ProjectConfigurationPlatforms) = postSolution
		{5B43B2AF-87DF-4843-BC01-6C0CA9F59F85}.Debug|Any CPU.ActiveCfg = Debug|Any CPU
		{5B43B2AF-87DF-4843-BC01-6C0CA9F59F85}.Debug|Any CPU.Build.0 = Debug|Any CPU
		{5B43B2AF-87DF-4843-BC01-6C0CA9F59F85}.Release|Any CPU.ActiveCfg = Release|Any CPU
		{5B43B2AF-87DF-4843-BC01-6C0CA9F59F85}.Release|Any CPU.Build.0 = Release|Any CPU
	EndGlobalSection
	GlobalSection(SolutionProperties) = preSolution
		HideSolutionNode = FALSE
	EndGlobalSection
	GlobalSection(ExtensibilityGlobals) = postSolution
		SolutionGuid = {2106046A-CE6A-436E-945D-8D87FDABBE0D}
	EndGlobalSection
EndGlobal
