
Microsoft Visual Studio Solution File, Format Version 12.00
# Visual Studio Version 16
VisualStudioVersion = 16.0.30413.136
MinimumVisualStudioVersion = 10.0.40219.1
Project("{FAE04EC0-301F-11D3-BF4B-00C04F79EFBC}") = "Lesson12", "Lesson12\Lesson12.csproj", "{F83BFB33-DEF9-4982-BABF-B68CB7A83067}"
EndProject
Global
	GlobalSection(SolutionConfigurationPlatforms) = preSolution
		Debug|Any CPU = Debug|Any CPU
		Release|Any CPU = Release|Any CPU
	EndGlobalSection
	GlobalSection(ProjectConfigurationPlatforms) = postSolution
		{F83BFB33-DEF9-4982-BABF-B68CB7A83067}.Debug|Any CPU.ActiveCfg = Debug|Any CPU
		{F83BFB33-DEF9-4982-BABF-B68CB7A83067}.Debug|Any CPU.Build.0 = Debug|Any CPU
		{F83BFB33-DEF9-4982-BABF-B68CB7A83067}.Release|Any CPU.ActiveCfg = Release|Any CPU
		{F83BFB33-DEF9-4982-BABF-B68CB7A83067}.Release|Any CPU.Build.0 = Release|Any CPU
	EndGlobalSection
	GlobalSection(SolutionProperties) = preSolution
		HideSolutionNode = FALSE
	EndGlobalSection
	GlobalSection(ExtensibilityGlobals) = postSolution
		SolutionGuid = {C7D5750E-6420-4BB6-9A10-79E6EC9531BD}
	EndGlobalSection
EndGlobal
