
Microsoft Visual Studio Solution File, Format Version 12.00
# Visual Studio Version 16
VisualStudioVersion = 16.0.30413.136
MinimumVisualStudioVersion = 10.0.40219.1
Project("{FAE04EC0-301F-11D3-BF4B-00C04F79EFBC}") = "AuthAPI", "AuthAPI\AuthAPI.csproj", "{DA80797A-31FC-4D4D-9C12-BF5837FCC1EA}"
EndProject
Project("{FAE04EC0-301F-11D3-BF4B-00C04F79EFBC}") = "UsersLivetrackerConfigDAL", "UsersLivetrackerConfigDAL\UsersLivetrackerConfigDAL.csproj", "{6ADEC995-625D-4010-BCA0-C73F3664F313}"
EndProject
Global
	GlobalSection(SolutionConfigurationPlatforms) = preSolution
		Debug|Any CPU = Debug|Any CPU
		Release|Any CPU = Release|Any CPU
	EndGlobalSection
	GlobalSection(ProjectConfigurationPlatforms) = postSolution
		{DA80797A-31FC-4D4D-9C12-BF5837FCC1EA}.Debug|Any CPU.ActiveCfg = Debug|Any CPU
		{DA80797A-31FC-4D4D-9C12-BF5837FCC1EA}.Debug|Any CPU.Build.0 = Debug|Any CPU
		{DA80797A-31FC-4D4D-9C12-BF5837FCC1EA}.Release|Any CPU.ActiveCfg = Release|Any CPU
		{DA80797A-31FC-4D4D-9C12-BF5837FCC1EA}.Release|Any CPU.Build.0 = Release|Any CPU
		{6ADEC995-625D-4010-BCA0-C73F3664F313}.Debug|Any CPU.ActiveCfg = Debug|Any CPU
		{6ADEC995-625D-4010-BCA0-C73F3664F313}.Debug|Any CPU.Build.0 = Debug|Any CPU
		{6ADEC995-625D-4010-BCA0-C73F3664F313}.Release|Any CPU.ActiveCfg = Release|Any CPU
		{6ADEC995-625D-4010-BCA0-C73F3664F313}.Release|Any CPU.Build.0 = Release|Any CPU
	EndGlobalSection
	GlobalSection(SolutionProperties) = preSolution
		HideSolutionNode = FALSE
	EndGlobalSection
	GlobalSection(ExtensibilityGlobals) = postSolution
		SolutionGuid = {C73AF1F2-794D-42FC-BB01-26153DA83171}
	EndGlobalSection
EndGlobal
