
Microsoft Visual Studio Solution File, Format Version 12.00
# Visual Studio Version 16
VisualStudioVersion = 16.0.30413.136
MinimumVisualStudioVersion = 10.0.40219.1
Project("{FAE04EC0-301F-11D3-BF4B-00C04F79EFBC}") = "Lesson5", "Lesson5\Lesson5.csproj", "{DA9C45C6-0A4B-4CC3-AC15-36A11830D736}"
EndProject
Global
	GlobalSection(SolutionConfigurationPlatforms) = preSolution
		Debug|Any CPU = Debug|Any CPU
		Release|Any CPU = Release|Any CPU
	EndGlobalSection
	GlobalSection(ProjectConfigurationPlatforms) = postSolution
		{DA9C45C6-0A4B-4CC3-AC15-36A11830D736}.Debug|Any CPU.ActiveCfg = Debug|Any CPU
		{DA9C45C6-0A4B-4CC3-AC15-36A11830D736}.Debug|Any CPU.Build.0 = Debug|Any CPU
		{DA9C45C6-0A4B-4CC3-AC15-36A11830D736}.Release|Any CPU.ActiveCfg = Release|Any CPU
		{DA9C45C6-0A4B-4CC3-AC15-36A11830D736}.Release|Any CPU.Build.0 = Release|Any CPU
	EndGlobalSection
	GlobalSection(SolutionProperties) = preSolution
		HideSolutionNode = FALSE
	EndGlobalSection
	GlobalSection(ExtensibilityGlobals) = postSolution
		SolutionGuid = {D072DB0E-0100-45B6-B76E-41E69DDE2BCC}
	EndGlobalSection
EndGlobal
