
Microsoft Visual Studio Solution File, Format Version 12.00
# Visual Studio Version 16
VisualStudioVersion = 16.0.30413.136
MinimumVisualStudioVersion = 10.0.40219.1
Project("{FAE04EC0-301F-11D3-BF4B-00C04F79EFBC}") = "Lesson9", "Lesson9\Lesson9.csproj", "{30081E14-B7C0-4687-BD6F-E6C7810D4DE5}"
EndProject
Global
	GlobalSection(SolutionConfigurationPlatforms) = preSolution
		Debug|Any CPU = Debug|Any CPU
		Release|Any CPU = Release|Any CPU
	EndGlobalSection
	GlobalSection(ProjectConfigurationPlatforms) = postSolution
		{30081E14-B7C0-4687-BD6F-E6C7810D4DE5}.Debug|Any CPU.ActiveCfg = Debug|Any CPU
		{30081E14-B7C0-4687-BD6F-E6C7810D4DE5}.Debug|Any CPU.Build.0 = Debug|Any CPU
		{30081E14-B7C0-4687-BD6F-E6C7810D4DE5}.Release|Any CPU.ActiveCfg = Release|Any CPU
		{30081E14-B7C0-4687-BD6F-E6C7810D4DE5}.Release|Any CPU.Build.0 = Release|Any CPU
	EndGlobalSection
	GlobalSection(SolutionProperties) = preSolution
		HideSolutionNode = FALSE
	EndGlobalSection
	GlobalSection(ExtensibilityGlobals) = postSolution
		SolutionGuid = {60D6A0A0-5A30-4A82-A5D6-3105672B812F}
	EndGlobalSection
EndGlobal
